
Microsoft Visual Studio Solution File, Format Version 12.00
# Visual Studio Version 16
VisualStudioVersion = 16.0.29519.181
MinimumVisualStudioVersion = 10.0.40219.1
Project("{FAE04EC0-301F-11D3-BF4B-00C04F79EFBC}") = "Way to save your agendas.BL", "Way to save your agendas\Way to save your agendas.BL.csproj", "{FF4CFA05-F0DB-42A4-A3EC-8E3BC2482DB5}"
EndProject
Project("{FAE04EC0-301F-11D3-BF4B-00C04F79EFBC}") = "Way to ssave your agendas.VIEW", "Way to ssave your agendas.VIEW\Way to ssave your agendas.VIEW.csproj", "{4A36EC8B-C61B-4278-93C6-90547879DAE2}"
EndProject
Global
	GlobalSection(SolutionConfigurationPlatforms) = preSolution
		Debug|Any CPU = Debug|Any CPU
		Release|Any CPU = Release|Any CPU
	EndGlobalSection
	GlobalSection(ProjectConfigurationPlatforms) = postSolution
		{FF4CFA05-F0DB-42A4-A3EC-8E3BC2482DB5}.Debug|Any CPU.ActiveCfg = Debug|Any CPU
		{FF4CFA05-F0DB-42A4-A3EC-8E3BC2482DB5}.Debug|Any CPU.Build.0 = Debug|Any CPU
		{FF4CFA05-F0DB-42A4-A3EC-8E3BC2482DB5}.Release|Any CPU.ActiveCfg = Release|Any CPU
		{FF4CFA05-F0DB-42A4-A3EC-8E3BC2482DB5}.Release|Any CPU.Build.0 = Release|Any CPU
		{4A36EC8B-C61B-4278-93C6-90547879DAE2}.Debug|Any CPU.ActiveCfg = Debug|Any CPU
		{4A36EC8B-C61B-4278-93C6-90547879DAE2}.Debug|Any CPU.Build.0 = Debug|Any CPU
		{4A36EC8B-C61B-4278-93C6-90547879DAE2}.Release|Any CPU.ActiveCfg = Release|Any CPU
		{4A36EC8B-C61B-4278-93C6-90547879DAE2}.Release|Any CPU.Build.0 = Release|Any CPU
	EndGlobalSection
	GlobalSection(SolutionProperties) = preSolution
		HideSolutionNode = FALSE
	EndGlobalSection
	GlobalSection(ExtensibilityGlobals) = postSolution
		SolutionGuid = {F14FABBC-9753-4447-B3CF-024F866CC78C}
	EndGlobalSection
EndGlobal
